
Microsoft Visual Studio Solution File, Format Version 12.00
# Visual Studio Version 17
VisualStudioVersion = 17.14.36603.0 d17.14
MinimumVisualStudioVersion = 10.0.40219.1
Project("{FAE04EC0-301F-11D3-BF4B-00C04F79EFBC}") = "CarRental", "CarRental\CarRental.csproj", "{473AA91E-200D-4887-8710-F164347DD004}"
EndProject
Global
	GlobalSection(SolutionConfigurationPlatforms) = preSolution
		Debug|Any CPU = Debug|Any CPU
		Release|Any CPU = Release|Any CPU
	EndGlobalSection
	GlobalSection(ProjectConfigurationPlatforms) = postSolution
		{473AA91E-200D-4887-8710-F164347DD004}.Debug|Any CPU.ActiveCfg = Debug|Any CPU
		{473AA91E-200D-4887-8710-F164347DD004}.Debug|Any CPU.Build.0 = Debug|Any CPU
		{473AA91E-200D-4887-8710-F164347DD004}.Release|Any CPU.ActiveCfg = Release|Any CPU
		{473AA91E-200D-4887-8710-F164347DD004}.Release|Any CPU.Build.0 = Release|Any CPU
	EndGlobalSection
	GlobalSection(SolutionProperties) = preSolution
		HideSolutionNode = FALSE
	EndGlobalSection
	GlobalSection(ExtensibilityGlobals) = postSolution
		SolutionGuid = {8BC75BC3-33A7-4CC9-A25D-1217ECF17CA3}
	EndGlobalSection
EndGlobal
